
Microsoft Visual Studio Solution File, Format Version 12.00
# Visual Studio Version 16
VisualStudioVersion = 16.0.30413.136
MinimumVisualStudioVersion = 10.0.40219.1
Project("{FAE04EC0-301F-11D3-BF4B-00C04F79EFBC}") = "AutoInstaller", "AutoInstaller\AutoInstaller.csproj", "{1DD7FF2E-7543-4269-B676-F7AD354AF258}"
EndProject
Project("{FAE04EC0-301F-11D3-BF4B-00C04F79EFBC}") = "AI.Domain", "AI.Domain\AI.Domain.csproj", "{6D3BCFDB-13F0-46CF-87B6-584ED0401B31}"
EndProject
Project("{FAE04EC0-301F-11D3-BF4B-00C04F79EFBC}") = "AI.Application", "AI.Application\AI.Application.csproj", "{4AB3941A-F5A1-4EED-B0A5-C9281E5E6176}"
EndProject
Project("{FAE04EC0-301F-11D3-BF4B-00C04F79EFBC}") = "AI.Infrastructure", "AI.Infrastructure\AI.Infrastructure.csproj", "{58E81D39-92D2-4B0B-AA5C-5FB8297CCF30}"
EndProject
Global
	GlobalSection(SolutionConfigurationPlatforms) = preSolution
		Debug|Any CPU = Debug|Any CPU
		Release|Any CPU = Release|Any CPU
	EndGlobalSection
	GlobalSection(ProjectConfigurationPlatforms) = postSolution
		{1DD7FF2E-7543-4269-B676-F7AD354AF258}.Debug|Any CPU.ActiveCfg = Debug|Any CPU
		{1DD7FF2E-7543-4269-B676-F7AD354AF258}.Debug|Any CPU.Build.0 = Debug|Any CPU
		{1DD7FF2E-7543-4269-B676-F7AD354AF258}.Release|Any CPU.ActiveCfg = Release|Any CPU
		{1DD7FF2E-7543-4269-B676-F7AD354AF258}.Release|Any CPU.Build.0 = Release|Any CPU
		{6D3BCFDB-13F0-46CF-87B6-584ED0401B31}.Debug|Any CPU.ActiveCfg = Debug|Any CPU
		{6D3BCFDB-13F0-46CF-87B6-584ED0401B31}.Debug|Any CPU.Build.0 = Debug|Any CPU
		{6D3BCFDB-13F0-46CF-87B6-584ED0401B31}.Release|Any CPU.ActiveCfg = Release|Any CPU
		{6D3BCFDB-13F0-46CF-87B6-584ED0401B31}.Release|Any CPU.Build.0 = Release|Any CPU
		{4AB3941A-F5A1-4EED-B0A5-C9281E5E6176}.Debug|Any CPU.ActiveCfg = Debug|Any CPU
		{4AB3941A-F5A1-4EED-B0A5-C9281E5E6176}.Debug|Any CPU.Build.0 = Debug|Any CPU
		{4AB3941A-F5A1-4EED-B0A5-C9281E5E6176}.Release|Any CPU.ActiveCfg = Release|Any CPU
		{4AB3941A-F5A1-4EED-B0A5-C9281E5E6176}.Release|Any CPU.Build.0 = Release|Any CPU
		{58E81D39-92D2-4B0B-AA5C-5FB8297CCF30}.Debug|Any CPU.ActiveCfg = Debug|Any CPU
		{58E81D39-92D2-4B0B-AA5C-5FB8297CCF30}.Debug|Any CPU.Build.0 = Debug|Any CPU
		{58E81D39-92D2-4B0B-AA5C-5FB8297CCF30}.Release|Any CPU.ActiveCfg = Release|Any CPU
		{58E81D39-92D2-4B0B-AA5C-5FB8297CCF30}.Release|Any CPU.Build.0 = Release|Any CPU
	EndGlobalSection
	GlobalSection(SolutionProperties) = preSolution
		HideSolutionNode = FALSE
	EndGlobalSection
	GlobalSection(ExtensibilityGlobals) = postSolution
		SolutionGuid = {7A0C953A-EAA4-4176-8F4B-7E08618DB1F3}
	EndGlobalSection
EndGlobal
