
Microsoft Visual Studio Solution File, Format Version 12.00
# Visual Studio Version 16
VisualStudioVersion = 16.0.30413.136
MinimumVisualStudioVersion = 10.0.40219.1
Project("{FAE04EC0-301F-11D3-BF4B-00C04F79EFBC}") = "AutoInstaller", "AutoInstaller\AutoInstaller.csproj", "{1DD7FF2E-7543-4269-B676-F7AD354AF258}"
EndProject
Project("{FAE04EC0-301F-11D3-BF4B-00C04F79EFBC}") = "AI.Application", "AI.Application\AI.Application.csproj", "{7670BEEA-EF89-4A89-850B-37A3BE1C9DD5}"
EndProject
Project("{FAE04EC0-301F-11D3-BF4B-00C04F79EFBC}") = "AI.Domain", "AI.Domain\AI.Domain.csproj", "{FC0E6C91-1C98-4FEA-B163-5C0768A65407}"
EndProject
Project("{FAE04EC0-301F-11D3-BF4B-00C04F79EFBC}") = "AI.Infrastructure", "AI.Infrastructure\AI.Infrastructure.csproj", "{0ECD245F-E3DD-4DE4-9B92-E8603271E87F}"
EndProject
Global
	GlobalSection(SolutionConfigurationPlatforms) = preSolution
		Debug|Any CPU = Debug|Any CPU
		Release|Any CPU = Release|Any CPU
	EndGlobalSection
	GlobalSection(ProjectConfigurationPlatforms) = postSolution
		{1DD7FF2E-7543-4269-B676-F7AD354AF258}.Debug|Any CPU.ActiveCfg = Debug|Any CPU
		{1DD7FF2E-7543-4269-B676-F7AD354AF258}.Debug|Any CPU.Build.0 = Debug|Any CPU
		{1DD7FF2E-7543-4269-B676-F7AD354AF258}.Release|Any CPU.ActiveCfg = Release|Any CPU
		{1DD7FF2E-7543-4269-B676-F7AD354AF258}.Release|Any CPU.Build.0 = Release|Any CPU
		{7670BEEA-EF89-4A89-850B-37A3BE1C9DD5}.Debug|Any CPU.ActiveCfg = Debug|Any CPU
		{7670BEEA-EF89-4A89-850B-37A3BE1C9DD5}.Debug|Any CPU.Build.0 = Debug|Any CPU
		{7670BEEA-EF89-4A89-850B-37A3BE1C9DD5}.Release|Any CPU.ActiveCfg = Release|Any CPU
		{7670BEEA-EF89-4A89-850B-37A3BE1C9DD5}.Release|Any CPU.Build.0 = Release|Any CPU
		{FC0E6C91-1C98-4FEA-B163-5C0768A65407}.Debug|Any CPU.ActiveCfg = Debug|Any CPU
		{FC0E6C91-1C98-4FEA-B163-5C0768A65407}.Debug|Any CPU.Build.0 = Debug|Any CPU
		{FC0E6C91-1C98-4FEA-B163-5C0768A65407}.Release|Any CPU.ActiveCfg = Release|Any CPU
		{FC0E6C91-1C98-4FEA-B163-5C0768A65407}.Release|Any CPU.Build.0 = Release|Any CPU
		{0ECD245F-E3DD-4DE4-9B92-E8603271E87F}.Debug|Any CPU.ActiveCfg = Debug|Any CPU
		{0ECD245F-E3DD-4DE4-9B92-E8603271E87F}.Debug|Any CPU.Build.0 = Debug|Any CPU
		{0ECD245F-E3DD-4DE4-9B92-E8603271E87F}.Release|Any CPU.ActiveCfg = Release|Any CPU
		{0ECD245F-E3DD-4DE4-9B92-E8603271E87F}.Release|Any CPU.Build.0 = Release|Any CPU
	EndGlobalSection
	GlobalSection(SolutionProperties) = preSolution
		HideSolutionNode = FALSE
	EndGlobalSection
	GlobalSection(ExtensibilityGlobals) = postSolution
		SolutionGuid = {7A0C953A-EAA4-4176-8F4B-7E08618DB1F3}
	EndGlobalSection
EndGlobal
